schema: '2.0'
stages:
  preprocess:
    cmd: python scripts/preprocess.py
    deps:
    - path: data/raw/loans.csv
      hash: md5
      md5: 83c569b2fe8d2c052ab817eb74f1bfbd
      size: 1857
    - path: scripts/preprocess.py
      hash: md5
      md5: af3a983bb29e17a94907463e4ca9f285
      size: 1516
    outs:
    - path: data/processed/loans_clean.csv
      hash: md5
      md5: a23954c35775bc22326510a1140a6905
      size: 2085
  train:
    cmd: python scripts/train.py
    deps:
    - path: data/processed/loans_clean.csv
      hash: md5
      md5: a23954c35775bc22326510a1140a6905
      size: 2085
    - path: data/raw/books_catalog.csv
      hash: md5
      md5: 489f7aa5d0af656fc0f72aafc7092ef6
      size: 1429
    - path: scripts/moteur_recommandation.py
      hash: md5
      md5: bbdff1792761bfd6ac3e5d6c4745910c
      size: 19403
    - path: scripts/train.py
      hash: md5
      md5: 163e4f7d047d15f35d570b87ba841d54
      size: 888
    outs:
    - path: models/model.pkl
      hash: md5
      md5: 7d8ae113a60e8227fef6b151f89dac09
      size: 16340
  evaluate:
    cmd: python scripts/evaluate.py
    deps:
    - path: data/processed/loans_clean.csv
      hash: md5
      md5: a23954c35775bc22326510a1140a6905
      size: 2085
    - path: data/raw/books_catalog.csv
      hash: md5
      md5: 489f7aa5d0af656fc0f72aafc7092ef6
      size: 1429
    - path: scripts/evaluate.py
      hash: md5
      md5: d9a318839a086949506f372de2355551
      size: 2350
    - path: scripts/moteur_recommandation.py
      hash: md5
      md5: bbdff1792761bfd6ac3e5d6c4745910c
      size: 19403
    outs:
    - path: metrics/metrics.json
      hash: md5
      md5: bf32ba479d9c11d951643ad31490c62a
      size: 258
